
Microsoft Visual Studio Solution File, Format Version 12.00
# Visual Studio Version 17
VisualStudioVersion = 17.14.36804.6 d17.14
MinimumVisualStudioVersion = 10.0.40219.1
Project("{FAE04EC0-301F-11D3-BF4B-00C04F79EFBC}") = "DotNet10Ai.Api", "DotNet10Ai.Api\DotNet10Ai.Api.csproj", "{C1593322-CC2A-D94B-7D16-77CF38E6E8FC}"
EndProject
Global
	GlobalSection(SolutionConfigurationPlatforms) = preSolution
		Debug|Any CPU = Debug|Any CPU
		Release|Any CPU = Release|Any CPU
	EndGlobalSection
	GlobalSection(ProjectConfigurationPlatforms) = postSolution
		{C1593322-CC2A-D94B-7D16-77CF38E6E8FC}.Debug|Any CPU.ActiveCfg = Debug|Any CPU
		{C1593322-CC2A-D94B-7D16-77CF38E6E8FC}.Debug|Any CPU.Build.0 = Debug|Any CPU
		{C1593322-CC2A-D94B-7D16-77CF38E6E8FC}.Release|Any CPU.ActiveCfg = Release|Any CPU
		{C1593322-CC2A-D94B-7D16-77CF38E6E8FC}.Release|Any CPU.Build.0 = Release|Any CPU
	EndGlobalSection
	GlobalSection(SolutionProperties) = preSolution
		HideSolutionNode = FALSE
	EndGlobalSection
	GlobalSection(ExtensibilityGlobals) = postSolution
		SolutionGuid = {85F7B0A2-8CA3-4C5A-8218-7C6DF86D2F7D}
	EndGlobalSection
EndGlobal
